
Microsoft Visual Studio Solution File, Format Version 12.00
# Visual Studio Version 17
VisualStudioVersion = 17.8.34525.116
MinimumVisualStudioVersion = 10.0.40219.1
Project("{FAE04EC0-301F-11D3-BF4B-00C04F79EFBC}") = "Drag&Drop", "Drag&Drop\Drag&Drop.csproj", "{297A47A2-C6E5-4B4F-8ABF-1A3EB7958FFD}"
EndProject
Global
	GlobalSection(SolutionConfigurationPlatforms) = preSolution
		Debug|Any CPU = Debug|Any CPU
		Release|Any CPU = Release|Any CPU
	EndGlobalSection
	GlobalSection(ProjectConfigurationPlatforms) = postSolution
		{297A47A2-C6E5-4B4F-8ABF-1A3EB7958FFD}.Debug|Any CPU.ActiveCfg = Debug|Any CPU
		{297A47A2-C6E5-4B4F-8ABF-1A3EB7958FFD}.Debug|Any CPU.Build.0 = Debug|Any CPU
		{297A47A2-C6E5-4B4F-8ABF-1A3EB7958FFD}.Release|Any CPU.ActiveCfg = Release|Any CPU
		{297A47A2-C6E5-4B4F-8ABF-1A3EB7958FFD}.Release|Any CPU.Build.0 = Release|Any CPU
	EndGlobalSection
	GlobalSection(SolutionProperties) = preSolution
		HideSolutionNode = FALSE
	EndGlobalSection
	GlobalSection(ExtensibilityGlobals) = postSolution
		SolutionGuid = {C35F0ED6-CF63-4510-B7F5-CECFA6FCB028}
	EndGlobalSection
EndGlobal
